// !$*UTF8*$!
{
	archiveVersion = 1;
	classes = {
	};
	objectVersion = 55;
	objects = {

/* Begin PBXBuildFile section */
		F3052BB7286BE1CE000502F8 /* AppDelegate.swift in Sources */ = {isa = PBXBuildFile; fileRef = F3052BB6286BE1CE000502F8 /* AppDelegate.swift */; };
		F3052BB9286BE1CE000502F8 /* SceneDelegate.swift in Sources */ = {isa = PBXBuildFile; fileRef = F3052BB8286BE1CE000502F8 /* SceneDelegate.swift */; };
		F3052BBB286BE1CE000502F8 /* ViewController.swift in Sources */ = {isa = PBXBuildFile; fileRef = F3052BBA286BE1CE000502F8 /* ViewController.swift */; };
		F3052BBE286BE1CE000502F8 /* Main.storyboard in Resources */ = {isa = PBXBuildFile; fileRef = F3052BBC286BE1CE000502F8 /* Main.storyboard */; };
		F3052BC1286BE1CE000502F8 /* edlection.xcdatamodeld in Sources */ = {isa = PBXBuildFile; fileRef = F3052BBF286BE1CE000502F8 /* edlection.xcdatamodeld */; };
		F3052BC3286BE1D1000502F8 /* Assets.xcassets in Resources */ = {isa = PBXBuildFile; fileRef = F3052BC2286BE1D1000502F8 /* Assets.xcassets */; };
		F3052BC6286BE1D1000502F8 /* LaunchScreen.storyboard in Resources */ = {isa = PBXBuildFile; fileRef = F3052BC4286BE1D1000502F8 /* LaunchScreen.storyboard */; };
		F3052BCE286BE26F000502F8 /* fetterman.swift in Sources */ = {isa = PBXBuildFile; fileRef = F3052BCD286BE26F000502F8 /* fetterman.swift */; };
		F3052BD0286BF027000502F8 /* oz.swift in Sources */ = {isa = PBXBuildFile; fileRef = F3052BCF286BF027000502F8 /* oz.swift */; };
		F3052BD2286BF051000502F8 /* fAbortion.swift in Sources */ = {isa = PBXBuildFile; fileRef = F3052BD1286BF051000502F8 /* fAbortion.swift */; };
		F3052BD4286BF062000502F8 /* fEconomy.swift in Sources */ = {isa = PBXBuildFile; fileRef = F3052BD3286BF062000502F8 /* fEconomy.swift */; };
		F3052BD6286BF070000502F8 /* fGun.swift in Sources */ = {isa = PBXBuildFile; fileRef = F3052BD5286BF070000502F8 /* fGun.swift */; };
		F3052BD8286BF08E000502F8 /* fEntitlements.swift in Sources */ = {isa = PBXBuildFile; fileRef = F3052BD7286BF08E000502F8 /* fEntitlements.swift */; };
		F3052BDA286BF0A1000502F8 /* fImmigration.swift in Sources */ = {isa = PBXBuildFile; fileRef = F3052BD9286BF0A1000502F8 /* fImmigration.swift */; };
		F3052BDC286BF0B8000502F8 /* fEdu.swift in Sources */ = {isa = PBXBuildFile; fileRef = F3052BDB286BF0B8000502F8 /* fEdu.swift */; };
		F3052BDE286BF21C000502F8 /* fClimate.swift in Sources */ = {isa = PBXBuildFile; fileRef = F3052BDD286BF21C000502F8 /* fClimate.swift */; };
		F3052BE0286BF232000502F8 /* oAbortion.swift in Sources */ = {isa = PBXBuildFile; fileRef = F3052BDF286BF232000502F8 /* oAbortion.swift */; };
		F3052BE2286BF23F000502F8 /* oEconomy.swift in Sources */ = {isa = PBXBuildFile; fileRef = F3052BE1286BF23F000502F8 /* oEconomy.swift */; };
		F3052BE4286BF24B000502F8 /* oGun.swift in Sources */ = {isa = PBXBuildFile; fileRef = F3052BE3286BF24B000502F8 /* oGun.swift */; };
		F3052BE6286BF255000502F8 /* oEntitlements.swift in Sources */ = {isa = PBXBuildFile; fileRef = F3052BE5286BF255000502F8 /* oEntitlements.swift */; };
		F3052BE8286BF260000502F8 /* oImmigration.swift in Sources */ = {isa = PBXBuildFile; fileRef = F3052BE7286BF260000502F8 /* oImmigration.swift */; };
		F3052BEA286BF26B000502F8 /* oEdu.swift in Sources */ = {isa = PBXBuildFile; fileRef = F3052BE9286BF26B000502F8 /* oEdu.swift */; };
		F3052BEC286BF274000502F8 /* oClimate.swift in Sources */ = {isa = PBXBuildFile; fileRef = F3052BEB286BF274000502F8 /* oClimate.swift */; };
		F3052BEE286BF28A000502F8 /* raphael.swift in Sources */ = {isa = PBXBuildFile; fileRef = F3052BED286BF28A000502F8 /* raphael.swift */; };
		F3052BF0286BF29D000502F8 /* herschel.swift in Sources */ = {isa = PBXBuildFile; fileRef = F3052BEF286BF29D000502F8 /* herschel.swift */; };
		F3052BF2286BF2A7000502F8 /* rAbortion.swift in Sources */ = {isa = PBXBuildFile; fileRef = F3052BF1286BF2A7000502F8 /* rAbortion.swift */; };
		F3052BF4286BF2B2000502F8 /* rEconomy.swift in Sources */ = {isa = PBXBuildFile; fileRef = F3052BF3286BF2B2000502F8 /* rEconomy.swift */; };
		F3052BF6286BF2C5000502F8 /* rGun.swift in Sources */ = {isa = PBXBuildFile; fileRef = F3052BF5286BF2C5000502F8 /* rGun.swift */; };
		F3052BF8286BF2CE000502F8 /* rEntitlements.swift in Sources */ = {isa = PBXBuildFile; fileRef = F3052BF7286BF2CE000502F8 /* rEntitlements.swift */; };
		F3052BFA286BF2DC000502F8 /* rImmigration.swift in Sources */ = {isa = PBXBuildFile; fileRef = F3052BF9286BF2DC000502F8 /* rImmigration.swift */; };
		F3052BFC286BF2E5000502F8 /* rEdu.swift in Sources */ = {isa = PBXBuildFile; fileRef = F3052BFB286BF2E5000502F8 /* rEdu.swift */; };
		F3052BFE286BF2F2000502F8 /* rClimate.swift in Sources */ = {isa = PBXBuildFile; fileRef = F3052BFD286BF2F2000502F8 /* rClimate.swift */; };
		F3052C02286BF34A000502F8 /* hAbortion.swift in Sources */ = {isa = PBXBuildFile; fileRef = F3052C01286BF34A000502F8 /* hAbortion.swift */; };
		F3052C04286BF356000502F8 /* hEconomy.swift in Sources */ = {isa = PBXBuildFile; fileRef = F3052C03286BF356000502F8 /* hEconomy.swift */; };
		F3052C06286BF361000502F8 /* hGun.swift in Sources */ = {isa = PBXBuildFile; fileRef = F3052C05286BF361000502F8 /* hGun.swift */; };
		F3052C08286BF373000502F8 /* hEntitlements.swift in Sources */ = {isa = PBXBuildFile; fileRef = F3052C07286BF373000502F8 /* hEntitlements.swift */; };
		F3052C0A286BF386000502F8 /* hImmigration.swift in Sources */ = {isa = PBXBuildFile; fileRef = F3052C09286BF386000502F8 /* hImmigration.swift */; };
		F3052C0C286BF391000502F8 /* hEdu.swift in Sources */ = {isa = PBXBuildFile; fileRef = F3052C0B286BF391000502F8 /* hEdu.swift */; };
		F3052C0E286BF39C000502F8 /* hClimate.swift in Sources */ = {isa = PBXBuildFile; fileRef = F3052C0D286BF39C000502F8 /* hClimate.swift */; };
		F3052C16286BF47E000502F8 /* Downloads in Resources */ = {isa = PBXBuildFile; fileRef = F3052C15286BF47E000502F8 /* Downloads */; };
/* End PBXBuildFile section */

/* Begin PBXFileReference section */
		F3052BB3286BE1CE000502F8 /* edlection.app */ = {isa = PBXFileReference; explicitFileType = wrapper.application; includeInIndex = 0; path = edlection.app; sourceTree = BUILT_PRODUCTS_DIR; };
		F3052BB6286BE1CE000502F8 /* AppDelegate.swift */ = {isa = PBXFileReference; lastKnownFileType = sourcecode.swift; path = AppDelegate.swift; sourceTree = "<group>"; };
		F3052BB8286BE1CE000502F8 /* SceneDelegate.swift */ = {isa = PBXFileReference; lastKnownFileType = sourcecode.swift; path = SceneDelegate.swift; sourceTree = "<group>"; };
		F3052BBA286BE1CE000502F8 /* ViewController.swift */ = {isa = PBXFileReference; lastKnownFileType = sourcecode.swift; path = ViewController.swift; sourceTree = "<group>"; };
		F3052BBD286BE1CE000502F8 /* Base */ = {isa = PBXFileReference; lastKnownFileType = file.storyboard; name = Base; path = Base.lproj/Main.storyboard; sourceTree = "<group>"; };
		F3052BC0286BE1CE000502F8 /* edlection.xcdatamodel */ = {isa = PBXFileReference; lastKnownFileType = wrapper.xcdatamodel; path = edlection.xcdatamodel; sourceTree = "<group>"; };
		F3052BC2286BE1D1000502F8 /* Assets.xcassets */ = {isa = PBXFileReference; lastKnownFileType = folder.assetcatalog; path = Assets.xcassets; sourceTree = "<group>"; };
		F3052BC5286BE1D1000502F8 /* Base */ = {isa = PBXFileReference; lastKnownFileType = file.storyboard; name = Base; path = Base.lproj/LaunchScreen.storyboard; sourceTree = "<group>"; };
		F3052BC7286BE1D1000502F8 /* Info.plist */ = {isa = PBXFileReference; lastKnownFileType = text.plist.xml; path = Info.plist; sourceTree = "<group>"; };
		F3052BCD286BE26F000502F8 /* fetterman.swift */ = {isa = PBXFileReference; lastKnownFileType = sourcecode.swift; path = fetterman.swift; sourceTree = "<group>"; };
		F3052BCF286BF027000502F8 /* oz.swift */ = {isa = PBXFileReference; lastKnownFileType = sourcecode.swift; path = oz.swift; sourceTree = "<group>"; };
		F3052BD1286BF051000502F8 /* fAbortion.swift */ = {isa = PBXFileReference; lastKnownFileType = sourcecode.swift; path = fAbortion.swift; sourceTree = "<group>"; };
		F3052BD3286BF062000502F8 /* fEconomy.swift */ = {isa = PBXFileReference; lastKnownFileType = sourcecode.swift; path = fEconomy.swift; sourceTree = "<group>"; };
		F3052BD5286BF070000502F8 /* fGun.swift */ = {isa = PBXFileReference; lastKnownFileType = sourcecode.swift; path = fGun.swift; sourceTree = "<group>"; };
		F3052BD7286BF08E000502F8 /* fEntitlements.swift */ = {isa = PBXFileReference; lastKnownFileType = sourcecode.swift; path = fEntitlements.swift; sourceTree = "<group>"; };
		F3052BD9286BF0A1000502F8 /* fImmigration.swift */ = {isa = PBXFileReference; lastKnownFileType = sourcecode.swift; path = fImmigration.swift; sourceTree = "<group>"; };
		F3052BDB286BF0B8000502F8 /* fEdu.swift */ = {isa = PBXFileReference; lastKnownFileType = sourcecode.swift; path = fEdu.swift; sourceTree = "<group>"; };
		F3052BDD286BF21C000502F8 /* fClimate.swift */ = {isa = PBXFileReference; lastKnownFileType = sourcecode.swift; path = fClimate.swift; sourceTree = "<group>"; };
		F3052BDF286BF232000502F8 /* oAbortion.swift */ = {isa = PBXFileReference; lastKnownFileType = sourcecode.swift; path = oAbortion.swift; sourceTree = "<group>"; };
		F3052BE1286BF23F000502F8 /* oEconomy.swift */ = {isa = PBXFileReference; lastKnownFileType = sourcecode.swift; path = oEconomy.swift; sourceTree = "<group>"; };
		F3052BE3286BF24B000502F8 /* oGun.swift */ = {isa = PBXFileReference; lastKnownFileType = sourcecode.swift; path = oGun.swift; sourceTree = "<group>"; };
		F3052BE5286BF255000502F8 /* oEntitlements.swift */ = {isa = PBXFileReference; lastKnownFileType = sourcecode.swift; path = oEntitlements.swift; sourceTree = "<group>"; };
		F3052BE7286BF260000502F8 /* oImmigration.swift */ = {isa = PBXFileReference; lastKnownFileType = sourcecode.swift; path = oImmigration.swift; sourceTree = "<group>"; };
		F3052BE9286BF26B000502F8 /* oEdu.swift */ = {isa = PBXFileReference; lastKnownFileType = sourcecode.swift; path = oEdu.swift; sourceTree = "<group>"; };
		F3052BEB286BF274000502F8 /* oClimate.swift */ = {isa = PBXFileReference; lastKnownFileType = sourcecode.swift; path = oClimate.swift; sourceTree = "<group>"; };
		F3052BED286BF28A000502F8 /* raphael.swift */ = {isa = PBXFileReference; lastKnownFileType = sourcecode.swift; path = raphael.swift; sourceTree = "<group>"; };
		F3052BEF286BF29D000502F8 /* herschel.swift */ = {isa = PBXFileReference; lastKnownFileType = sourcecode.swift; path = herschel.swift; sourceTree = "<group>"; };
		F3052BF1286BF2A7000502F8 /* rAbortion.swift */ = {isa = PBXFileReference; lastKnownFileType = sourcecode.swift; path = rAbortion.swift; sourceTree = "<group>"; };
		F3052BF3286BF2B2000502F8 /* rEconomy.swift */ = {isa = PBXFileReference; lastKnownFileType = sourcecode.swift; path = rEconomy.swift; sourceTree = "<group>"; };
		F3052BF5286BF2C5000502F8 /* rGun.swift */ = {isa = PBXFileReference; lastKnownFileType = sourcecode.swift; path = rGun.swift; sourceTree = "<group>"; };
		F3052BF7286BF2CE000502F8 /* rEntitlements.swift */ = {isa = PBXFileReference; lastKnownFileType = sourcecode.swift; path = rEntitlements.swift; sourceTree = "<group>"; };
		F3052BF9286BF2DC000502F8 /* rImmigration.swift */ = {isa = PBXFileReference; lastKnownFileType = sourcecode.swift; path = rImmigration.swift; sourceTree = "<group>"; };
		F3052BFB286BF2E5000502F8 /* rEdu.swift */ = {isa = PBXFileReference; lastKnownFileType = sourcecode.swift; path = rEdu.swift; sourceTree = "<group>"; };
		F3052BFD286BF2F2000502F8 /* rClimate.swift */ = {isa = PBXFileReference; lastKnownFileType = sourcecode.swift; path = rClimate.swift; sourceTree = "<group>"; };
		F3052C01286BF34A000502F8 /* hAbortion.swift */ = {isa = PBXFileReference; lastKnownFileType = sourcecode.swift; path = hAbortion.swift; sourceTree = "<group>"; };
		F3052C03286BF356000502F8 /* hEconomy.swift */ = {isa = PBXFileReference; lastKnownFileType = sourcecode.swift; path = hEconomy.swift; sourceTree = "<group>"; };
		F3052C05286BF361000502F8 /* hGun.swift */ = {isa = PBXFileReference; lastKnownFileType = sourcecode.swift; path = hGun.swift; sourceTree = "<group>"; };
		F3052C07286BF373000502F8 /* hEntitlements.swift */ = {isa = PBXFileReference; lastKnownFileType = sourcecode.swift; path = hEntitlements.swift; sourceTree = "<group>"; };
		F3052C09286BF386000502F8 /* hImmigration.swift */ = {isa = PBXFileReference; lastKnownFileType = sourcecode.swift; path = hImmigration.swift; sourceTree = "<group>"; };
		F3052C0B286BF391000502F8 /* hEdu.swift */ = {isa = PBXFileReference; lastKnownFileType = sourcecode.swift; path = hEdu.swift; sourceTree = "<group>"; };
		F3052C0D286BF39C000502F8 /* hClimate.swift */ = {isa = PBXFileReference; lastKnownFileType = sourcecode.swift; path = hClimate.swift; sourceTree = "<group>"; };
		F3052C15286BF47E000502F8 /* Downloads */ = {isa = PBXFileReference; lastKnownFileType = folder; name = Downloads; path = ../../..; sourceTree = "<group>"; };
/* End PBXFileReference section */

/* Begin PBXFrameworksBuildPhase section */
		F3052BB0286BE1CE000502F8 /* Frameworks */ = {
			isa = PBXFrameworksBuildPhase;
			buildActionMask = 2147483647;
			files = (
			);
			runOnlyForDeploymentPostprocessing = 0;
		};
/* End PBXFrameworksBuildPhase section */

/* Begin PBXGroup section */
		F3052BAA286BE1CE000502F8 = {
			isa = PBXGroup;
			children = (
				F3052BB5286BE1CE000502F8 /* edlection */,
				F3052BB4286BE1CE000502F8 /* Products */,
			);
			sourceTree = "<group>";
		};
		F3052BB4286BE1CE000502F8 /* Products */ = {
			isa = PBXGroup;
			children = (
				F3052BB3286BE1CE000502F8 /* edlection.app */,
			);
			name = Products;
			sourceTree = "<group>";
		};
		F3052BB5286BE1CE000502F8 /* edlection */ = {
			isa = PBXGroup;
			children = (
				F3052BB6286BE1CE000502F8 /* AppDelegate.swift */,
				F3052BB8286BE1CE000502F8 /* SceneDelegate.swift */,
				F3052BBA286BE1CE000502F8 /* ViewController.swift */,
				F3052BBC286BE1CE000502F8 /* Main.storyboard */,
				F3052BC2286BE1D1000502F8 /* Assets.xcassets */,
				F3052BC4286BE1D1000502F8 /* LaunchScreen.storyboard */,
				F3052BC7286BE1D1000502F8 /* Info.plist */,
				F3052BBF286BE1CE000502F8 /* edlection.xcdatamodeld */,
				F3052C0F286BF3A7000502F8 /* fetterman -P */,
				F3052C10286BF3BA000502F8 /* oz -P */,
				F3052C00286BF331000502F8 /* herschel -G */,
				F3052BFF286BF2F7000502F8 /* raphael -G */,
			);
			path = edlection;
			sourceTree = "<group>";
		};
		F3052BFF286BF2F7000502F8 /* raphael -G */ = {
			isa = PBXGroup;
			children = (
				F3052C15286BF47E000502F8 /* Downloads */,
				F3052BED286BF28A000502F8 /* raphael.swift */,
				F3052BF1286BF2A7000502F8 /* rAbortion.swift */,
				F3052BF3286BF2B2000502F8 /* rEconomy.swift */,
				F3052BF5286BF2C5000502F8 /* rGun.swift */,
				F3052BF7286BF2CE000502F8 /* rEntitlements.swift */,
				F3052BF9286BF2DC000502F8 /* rImmigration.swift */,
				F3052BFB286BF2E5000502F8 /* rEdu.swift */,
				F3052BFD286BF2F2000502F8 /* rClimate.swift */,
			);
			path = "raphael -G";
			sourceTree = "<group>";
		};
		F3052C00286BF331000502F8 /* herschel -G */ = {
			isa = PBXGroup;
			children = (
				F3052BEF286BF29D000502F8 /* herschel.swift */,
				F3052C01286BF34A000502F8 /* hAbortion.swift */,
				F3052C03286BF356000502F8 /* hEconomy.swift */,
				F3052C05286BF361000502F8 /* hGun.swift */,
				F3052C07286BF373000502F8 /* hEntitlements.swift */,
				F3052C09286BF386000502F8 /* hImmigration.swift */,
				F3052C0B286BF391000502F8 /* hEdu.swift */,
				F3052C0D286BF39C000502F8 /* hClimate.swift */,
			);
			path = "herschel -G";
			sourceTree = "<group>";
		};
		F3052C0F286BF3A7000502F8 /* fetterman -P */ = {
			isa = PBXGroup;
			children = (
				F3052BCD286BE26F000502F8 /* fetterman.swift */,
				F3052BD1286BF051000502F8 /* fAbortion.swift */,
				F3052BD3286BF062000502F8 /* fEconomy.swift */,
				F3052BD5286BF070000502F8 /* fGun.swift */,
				F3052BD7286BF08E000502F8 /* fEntitlements.swift */,
				F3052BD9286BF0A1000502F8 /* fImmigration.swift */,
				F3052BDB286BF0B8000502F8 /* fEdu.swift */,
				F3052BDD286BF21C000502F8 /* fClimate.swift */,
			);
			path = "fetterman -P";
			sourceTree = "<group>";
		};
		F3052C10286BF3BA000502F8 /* oz -P */ = {
			isa = PBXGroup;
			children = (
				F3052BCF286BF027000502F8 /* oz.swift */,
				F3052BDF286BF232000502F8 /* oAbortion.swift */,
				F3052BE1286BF23F000502F8 /* oEconomy.swift */,
				F3052BE3286BF24B000502F8 /* oGun.swift */,
				F3052BE5286BF255000502F8 /* oEntitlements.swift */,
				F3052BE7286BF260000502F8 /* oImmigration.swift */,
				F3052BE9286BF26B000502F8 /* oEdu.swift */,
				F3052BEB286BF274000502F8 /* oClimate.swift */,
			);
			path = "oz -P";
			sourceTree = "<group>";
		};
/* End PBXGroup section */

/* Begin PBXNativeTarget section */
		F3052BB2286BE1CE000502F8 /* edlection */ = {
			isa = PBXNativeTarget;
			buildConfigurationList = F3052BCA286BE1D1000502F8 /* Build configuration list for PBXNativeTarget "edlection" */;
			buildPhases = (
				F3052BAF286BE1CE000502F8 /* Sources */,
				F3052BB0286BE1CE000502F8 /* Frameworks */,
				F3052BB1286BE1CE000502F8 /* Resources */,
			);
			buildRules = (
			);
			dependencies = (
			);
			name = edlection;
			productName = edlection;
			productReference = F3052BB3286BE1CE000502F8 /* edlection.app */;
			productType = "com.apple.product-type.application";
		};
/* End PBXNativeTarget section */

/* Begin PBXProject section */
		F3052BAB286BE1CE000502F8 /* Project object */ = {
			isa = PBXProject;
			attributes = {
				BuildIndependentTargetsInParallel = 1;
				LastSwiftUpdateCheck = 1340;
				LastUpgradeCheck = 1340;
				TargetAttributes = {
					F3052BB2286BE1CE000502F8 = {
						CreatedOnToolsVersion = 13.4.1;
					};
				};
			};
			buildConfigurationList = F3052BAE286BE1CE000502F8 /* Build configuration list for PBXProject "edlection" */;
			compatibilityVersion = "Xcode 13.0";
			developmentRegion = en;
			hasScannedForEncodings = 0;
			knownRegions = (
				en,
				Base,
			);
			mainGroup = F3052BAA286BE1CE000502F8;
			productRefGroup = F3052BB4286BE1CE000502F8 /* Products */;
			projectDirPath = "";
			projectRoot = "";
			targets = (
				F3052BB2286BE1CE000502F8 /* edlection */,
			);
		};
/* End PBXProject section */

/* Begin PBXResourcesBuildPhase section */
		F3052BB1286BE1CE000502F8 /* Resources */ = {
			isa = PBXResourcesBuildPhase;
			buildActionMask = 2147483647;
			files = (
				F3052C16286BF47E000502F8 /* Downloads in Resources */,
				F3052BC6286BE1D1000502F8 /* LaunchScreen.storyboard in Resources */,
				F3052BC3286BE1D1000502F8 /* Assets.xcassets in Resources */,
				F3052BBE286BE1CE000502F8 /* Main.storyboard in Resources */,
			);
			runOnlyForDeploymentPostprocessing = 0;
		};
/* End PBXResourcesBuildPhase section */

/* Begin PBXSourcesBuildPhase section */
		F3052BAF286BE1CE000502F8 /* Sources */ = {
			isa = PBXSourcesBuildPhase;
			buildActionMask = 2147483647;
			files = (
				F3052BE6286BF255000502F8 /* oEntitlements.swift in Sources */,
				F3052BDE286BF21C000502F8 /* fClimate.swift in Sources */,
				F3052BDA286BF0A1000502F8 /* fImmigration.swift in Sources */,
				F3052C04286BF356000502F8 /* hEconomy.swift in Sources */,
				F3052BBB286BE1CE000502F8 /* ViewController.swift in Sources */,
				F3052C08286BF373000502F8 /* hEntitlements.swift in Sources */,
				F3052BD4286BF062000502F8 /* fEconomy.swift in Sources */,
				F3052BD6286BF070000502F8 /* fGun.swift in Sources */,
				F3052BE0286BF232000502F8 /* oAbortion.swift in Sources */,
				F3052BEE286BF28A000502F8 /* raphael.swift in Sources */,
				F3052BCE286BE26F000502F8 /* fetterman.swift in Sources */,
				F3052BF6286BF2C5000502F8 /* rGun.swift in Sources */,
				F3052BFE286BF2F2000502F8 /* rClimate.swift in Sources */,
				F3052BF0286BF29D000502F8 /* herschel.swift in Sources */,
				F3052C02286BF34A000502F8 /* hAbortion.swift in Sources */,
				F3052BDC286BF0B8000502F8 /* fEdu.swift in Sources */,
				F3052C0C286BF391000502F8 /* hEdu.swift in Sources */,
				F3052BC1286BE1CE000502F8 /* edlection.xcdatamodeld in Sources */,
				F3052BE8286BF260000502F8 /* oImmigration.swift in Sources */,
				F3052BD2286BF051000502F8 /* fAbortion.swift in Sources */,
				F3052BE2286BF23F000502F8 /* oEconomy.swift in Sources */,
				F3052BF8286BF2CE000502F8 /* rEntitlements.swift in Sources */,
				F3052BFC286BF2E5000502F8 /* rEdu.swift in Sources */,
				F3052BB7286BE1CE000502F8 /* AppDelegate.swift in Sources */,
				F3052BD0286BF027000502F8 /* oz.swift in Sources */,
				F3052C06286BF361000502F8 /* hGun.swift in Sources */,
				F3052BD8286BF08E000502F8 /* fEntitlements.swift in Sources */,
				F3052BF2286BF2A7000502F8 /* rAbortion.swift in Sources */,
				F3052C0E286BF39C000502F8 /* hClimate.swift in Sources */,
				F3052C0A286BF386000502F8 /* hImmigration.swift in Sources */,
				F3052BEA286BF26B000502F8 /* oEdu.swift in Sources */,
				F3052BE4286BF24B000502F8 /* oGun.swift in Sources */,
				F3052BF4286BF2B2000502F8 /* rEconomy.swift in Sources */,
				F3052BB9286BE1CE000502F8 /* SceneDelegate.swift in Sources */,
				F3052BFA286BF2DC000502F8 /* rImmigration.swift in Sources */,
				F3052BEC286BF274000502F8 /* oClimate.swift in Sources */,
			);
			runOnlyForDeploymentPostprocessing = 0;
		};
/* End PBXSourcesBuildPhase section */

/* Begin PBXVariantGroup section */
		F3052BBC286BE1CE000502F8 /* Main.storyboard */ = {
			isa = PBXVariantGroup;
			children = (
				F3052BBD286BE1CE000502F8 /* Base */,
			);
			name = Main.storyboard;
			sourceTree = "<group>";
		};
		F3052BC4286BE1D1000502F8 /* LaunchScreen.storyboard */ = {
			isa = PBXVariantGroup;
			children = (
				F3052BC5286BE1D1000502F8 /* Base */,
			);
			name = LaunchScreen.storyboard;
			sourceTree = "<group>";
		};
/* End PBXVariantGroup section */

/* Begin XCBuildConfiguration section */
		F3052BC8286BE1D1000502F8 /* Debug */ = {
			isa = XCBuildConfiguration;
			buildSettings = {
				ALWAYS_SEARCH_USER_PATHS = NO;
				CLANG_ANALYZER_NONNULL = YES;
				CLANG_ANALYZER_NUMBER_OBJECT_CONVERSION = YES_AGGRESSIVE;
				CLANG_CXX_LANGUAGE_STANDARD = "gnu++17";
				CLANG_ENABLE_MODULES = YES;
				CLANG_ENABLE_OBJC_ARC = YES;
				CLANG_ENABLE_OBJC_WEAK = YES;
				CLANG_WARN_BLOCK_CAPTURE_AUTORELEASING = YES;
				CLANG_WARN_BOOL_CONVERSION = YES;
				CLANG_WARN_COMMA = YES;
				CLANG_WARN_CONSTANT_CONVERSION = YES;
				CLANG_WARN_DEPRECATED_OBJC_IMPLEMENTATIONS = YES;
				CLANG_WARN_DIRECT_OBJC_ISA_USAGE = YES_ERROR;
				CLANG_WARN_DOCUMENTATION_COMMENTS = YES;
				CLANG_WARN_EMPTY_BODY = YES;
				CLANG_WARN_ENUM_CONVERSION = YES;
				CLANG_WARN_INFINITE_RECURSION = YES;
				CLANG_WARN_INT_CONVERSION = YES;
				CLANG_WARN_NON_LITERAL_NULL_CONVERSION = YES;
				CLANG_WARN_OBJC_IMPLICIT_RETAIN_SELF = YES;
				CLANG_WARN_OBJC_LITERAL_CONVERSION = YES;
				CLANG_WARN_OBJC_ROOT_CLASS = YES_ERROR;
				CLANG_WARN_QUOTED_INCLUDE_IN_FRAMEWORK_HEADER = YES;
				CLANG_WARN_RANGE_LOOP_ANALYSIS = YES;
				CLANG_WARN_STRICT_PROTOTYPES = YES;
				CLANG_WARN_SUSPICIOUS_MOVE = YES;
				CLANG_WARN_UNGUARDED_AVAILABILITY = YES_AGGRESSIVE;
				CLANG_WARN_UNREACHABLE_CODE = YES;
				CLANG_WARN__DUPLICATE_METHOD_MATCH = YES;
				COPY_PHASE_STRIP = NO;
				DEBUG_INFORMATION_FORMAT = dwarf;
				ENABLE_STRICT_OBJC_MSGSEND = YES;
				ENABLE_TESTABILITY = YES;
				GCC_C_LANGUAGE_STANDARD = gnu11;
				GCC_DYNAMIC_NO_PIC = NO;
				GCC_NO_COMMON_BLOCKS = YES;
				GCC_OPTIMIZATION_LEVEL = 0;
				GCC_PREPROCESSOR_DEFINITIONS = (
					"DEBUG=1",
					"$(inherited)",
				);
				GCC_WARN_64_TO_32_BIT_CONVERSION = YES;
				GCC_WARN_ABOUT_RETURN_TYPE = YES_ERROR;
				GCC_WARN_UNDECLARED_SELECTOR = YES;
				GCC_WARN_UNINITIALIZED_AUTOS = YES_AGGRESSIVE;
				GCC_WARN_UNUSED_FUNCTION = YES;
				GCC_WARN_UNUSED_VARIABLE = YES;
				IPHONEOS_DEPLOYMENT_TARGET = 15.5;
				MTL_ENABLE_DEBUG_INFO = INCLUDE_SOURCE;
				MTL_FAST_MATH = YES;
				ONLY_ACTIVE_ARCH = YES;
				SDKROOT = iphoneos;
				SWIFT_ACTIVE_COMPILATION_CONDITIONS = DEBUG;
				SWIFT_OPTIMIZATION_LEVEL = "-Onone";
			};
			name = Debug;
		};
		F3052BC9286BE1D1000502F8 /* Release */ = {
			isa = XCBuildConfiguration;
			buildSettings = {
				ALWAYS_SEARCH_USER_PATHS = NO;
				CLANG_ANALYZER_NONNULL = YES;
				CLANG_ANALYZER_NUMBER_OBJECT_CONVERSION = YES_AGGRESSIVE;
				CLANG_CXX_LANGUAGE_STANDARD = "gnu++17";
				CLANG_ENABLE_MODULES = YES;
				CLANG_ENABLE_OBJC_ARC = YES;
				CLANG_ENABLE_OBJC_WEAK = YES;
				CLANG_WARN_BLOCK_CAPTURE_AUTORELEASING = YES;
				CLANG_WARN_BOOL_CONVERSION = YES;
				CLANG_WARN_COMMA = YES;
				CLANG_WARN_CONSTANT_CONVERSION = YES;
				CLANG_WARN_DEPRECATED_OBJC_IMPLEMENTATIONS = YES;
				CLANG_WARN_DIRECT_OBJC_ISA_USAGE = YES_ERROR;
				CLANG_WARN_DOCUMENTATION_COMMENTS = YES;
				CLANG_WARN_EMPTY_BODY = YES;
				CLANG_WARN_ENUM_CONVERSION = YES;
				CLANG_WARN_INFINITE_RECURSION = YES;
				CLANG_WARN_INT_CONVERSION = YES;
				CLANG_WARN_NON_LITERAL_NULL_CONVERSION = YES;
				CLANG_WARN_OBJC_IMPLICIT_RETAIN_SELF = YES;
				CLANG_WARN_OBJC_LITERAL_CONVERSION = YES;
				CLANG_WARN_OBJC_ROOT_CLASS = YES_ERROR;
				CLANG_WARN_QUOTED_INCLUDE_IN_FRAMEWORK_HEADER = YES;
				CLANG_WARN_RANGE_LOOP_ANALYSIS = YES;
				CLANG_WARN_STRICT_PROTOTYPES = YES;
				CLANG_WARN_SUSPICIOUS_MOVE = YES;
				CLANG_WARN_UNGUARDED_AVAILABILITY = YES_AGGRESSIVE;
				CLANG_WARN_UNREACHABLE_CODE = YES;
				CLANG_WARN__DUPLICATE_METHOD_MATCH = YES;
				COPY_PHASE_STRIP = NO;
				DEBUG_INFORMATION_FORMAT = "dwarf-with-dsym";
				ENABLE_NS_ASSERTIONS = NO;
				ENABLE_STRICT_OBJC_MSGSEND = YES;
				GCC_C_LANGUAGE_STANDARD = gnu11;
				GCC_NO_COMMON_BLOCKS = YES;
				GCC_WARN_64_TO_32_BIT_CONVERSION = YES;
				GCC_WARN_ABOUT_RETURN_TYPE = YES_ERROR;
				GCC_WARN_UNDECLARED_SELECTOR = YES;
				GCC_WARN_UNINITIALIZED_AUTOS = YES_AGGRESSIVE;
				GCC_WARN_UNUSED_FUNCTION = YES;
				GCC_WARN_UNUSED_VARIABLE = YES;
				IPHONEOS_DEPLOYMENT_TARGET = 15.5;
				MTL_ENABLE_DEBUG_INFO = NO;
				MTL_FAST_MATH = YES;
				SDKROOT = iphoneos;
				SWIFT_COMPILATION_MODE = wholemodule;
				SWIFT_OPTIMIZATION_LEVEL = "-O";
				VALIDATE_PRODUCT = YES;
			};
			name = Release;
		};
		F3052BCB286BE1D1000502F8 /* Debug */ = {
			isa = XCBuildConfiguration;
			buildSettings = {
				ASSETCATALOG_COMPILER_APPICON_NAME = AppIcon;
				ASSETCATALOG_COMPILER_GLOBAL_ACCENT_COLOR_NAME = AccentColor;
				CODE_SIGN_STYLE = Automatic;
				CURRENT_PROJECT_VERSION = 1;
				GENERATE_INFOPLIST_FILE = YES;
				INFOPLIST_FILE = edlection/Info.plist;
				INFOPLIST_KEY_UIApplicationSupportsIndirectInputEvents = YES;
				INFOPLIST_KEY_UILaunchStoryboardName = LaunchScreen;
				INFOPLIST_KEY_UIMainStoryboardFile = Main;
				INFOPLIST_KEY_UISupportedInterfaceOrientations_iPad = "UIInterfaceOrientationPortrait UIInterfaceOrientationPortraitUpsideDown UIInterfaceOrientationLandscapeLeft UIInterfaceOrientationLandscapeRight";
				INFOPLIST_KEY_UISupportedInterfaceOrientations_iPhone = "UIInterfaceOrientationPortrait UIInterfaceOrientationLandscapeLeft UIInterfaceOrientationLandscapeRight";
				LD_RUNPATH_SEARCH_PATHS = (
					"$(inherited)",
					"@executable_path/Frameworks",
				);
				MARKETING_VERSION = 1.0;
				PRODUCT_BUNDLE_IDENTIFIER = kwk.edlection;
				PRODUCT_NAME = "$(TARGET_NAME)";
				SWIFT_EMIT_LOC_STRINGS = YES;
				SWIFT_VERSION = 5.0;
				TARGETED_DEVICE_FAMILY = "1,2";
			};
			name = Debug;
		};
		F3052BCC286BE1D1000502F8 /* Release */ = {
			isa = XCBuildConfiguration;
			buildSettings = {
				ASSETCATALOG_COMPILER_APPICON_NAME = AppIcon;
				ASSETCATALOG_COMPILER_GLOBAL_ACCENT_COLOR_NAME = AccentColor;
				CODE_SIGN_STYLE = Automatic;
				CURRENT_PROJECT_VERSION = 1;
				GENERATE_INFOPLIST_FILE = YES;
				INFOPLIST_FILE = edlection/Info.plist;
				INFOPLIST_KEY_UIApplicationSupportsIndirectInputEvents = YES;
				INFOPLIST_KEY_UILaunchStoryboardName = LaunchScreen;
				INFOPLIST_KEY_UIMainStoryboardFile = Main;
				INFOPLIST_KEY_UISupportedInterfaceOrientations_iPad = "UIInterfaceOrientationPortrait UIInterfaceOrientationPortraitUpsideDown UIInterfaceOrientationLandscapeLeft UIInterfaceOrientationLandscapeRight";
				INFOPLIST_KEY_UISupportedInterfaceOrientations_iPhone = "UIInterfaceOrientationPortrait UIInterfaceOrientationLandscapeLeft UIInterfaceOrientationLandscapeRight";
				LD_RUNPATH_SEARCH_PATHS = (
					"$(inherited)",
					"@executable_path/Frameworks",
				);
				MARKETING_VERSION = 1.0;
				PRODUCT_BUNDLE_IDENTIFIER = kwk.edlection;
				PRODUCT_NAME = "$(TARGET_NAME)";
				SWIFT_EMIT_LOC_STRINGS = YES;
				SWIFT_VERSION = 5.0;
				TARGETED_DEVICE_FAMILY = "1,2";
			};
			name = Release;
		};
/* End XCBuildConfiguration section */

/* Begin XCConfigurationList section */
		F3052BAE286BE1CE000502F8 /* Build configuration list for PBXProject "edlection" */ = {
			isa = XCConfigurationList;
			buildConfigurations = (
				F3052BC8286BE1D1000502F8 /* Debug */,
				F3052BC9286BE1D1000502F8 /* Release */,
			);
			defaultConfigurationIsVisible = 0;
			defaultConfigurationName = Release;
		};
		F3052BCA286BE1D1000502F8 /* Build configuration list for PBXNativeTarget "edlection" */ = {
			isa = XCConfigurationList;
			buildConfigurations = (
				F3052BCB286BE1D1000502F8 /* Debug */,
				F3052BCC286BE1D1000502F8 /* Release */,
			);
			defaultConfigurationIsVisible = 0;
			defaultConfigurationName = Release;
		};
/* End XCConfigurationList section */

/* Begin XCVersionGroup section */
		F3052BBF286BE1CE000502F8 /* edlection.xcdatamodeld */ = {
			isa = XCVersionGroup;
			children = (
				F3052BC0286BE1CE000502F8 /* edlection.xcdatamodel */,
			);
			currentVersion = F3052BC0286BE1CE000502F8 /* edlection.xcdatamodel */;
			path = edlection.xcdatamodeld;
			sourceTree = "<group>";
			versionGroupType = wrapper.xcdatamodel;
		};
/* End XCVersionGroup section */
	};
	rootObject = F3052BAB286BE1CE000502F8 /* Project object */;
}
